{
  "name": "@polymer/b7-carousel",
  "version": "3.0.0",
  "lockfileVersion": 1,
  "requires": true,
  "dependencies": {
    "@polymer/iron-a11y-keys": {
      "version": "3.0.0-pre.19",
      "resolved": "https://registry.npmjs.org/@polymer/iron-a11y-keys/-/iron-a11y-keys-3.0.0-pre.19.tgz",
      "integrity": "sha512-i6mhMe4l9uXoTEKWMT6RpDBreRj09ByWwi7wtV1RIhcjKI2H/hXHD9kU69gj8mQOgO3XYlLM8gKG0rdZNILbdw==",
      "requires": {
        "@polymer/iron-a11y-keys-behavior": "^3.0.0-pre.19",
        "@polymer/polymer": "^3.0.0"
      }
    },
    "@polymer/iron-a11y-keys-behavior": {
      "version": "3.0.0-pre.19",
      "resolved": "https://registry.npmjs.org/@polymer/iron-a11y-keys-behavior/-/iron-a11y-keys-behavior-3.0.0-pre.19.tgz",
      "integrity": "sha512-jti4YDsjxTny2AJJxAQ89Gwq7+AMblOZLWBOQiciqDuRdj+nEelf227DAUwIejoII6cYQCV/Knw+Qit5zZx2kQ==",
      "requires": {
        "@polymer/polymer": "^3.0.0"
      }
    },
    "@polymer/polymer": {
      "version": "3.0.2",
      "resolved": "https://registry.npmjs.org/@polymer/polymer/-/polymer-3.0.2.tgz",
      "integrity": "sha512-ow8AAjTe9ps8bantY9IvL0PT+xHf5VN3Cjahfr7gBJAc0lv3jTwGBv7pso65SHyrUJEEHeakhx6iPMl7qY4tfw==",
      "requires": {
        "@webcomponents/shadycss": "^1.2.0"
      }
    },
    "@webcomponents/shadycss": {
      "version": "1.2.1",
      "resolved": "https://registry.npmjs.org/@webcomponents/shadycss/-/shadycss-1.2.1.tgz",
      "integrity": "sha512-ZnjFb1Wf81CqMgs1dbT6JT6N4nY32bs2r5YC/5GSIb/ozJGR+UYs3ldJxtk1v5uZzPRIsAWv7wYSJcCp6ml8+A=="
    },
    "@webcomponents/webcomponentsjs": {
      "version": "2.0.0",
      "resolved": "https://registry.npmjs.org/@webcomponents/webcomponentsjs/-/webcomponentsjs-2.0.0.tgz",
      "integrity": "sha512-f6izmesHd8E+rL32tftlXZmz1EAL+lLn8AUex0mJFLe39z53iTFNCqxAYsMmCA/QSGP+8X6D1it/JbuVl1jOHA=="
    }
  }
}
